
Microsoft Visual Studio Solution File, Format Version 12.00
# Visual Studio 2013
VisualStudioVersion = 12.0.30501.0
MinimumVisualStudioVersion = 10.0.40219.1
Project("{8BC9CEB8-8B4A-11D0-8D11-00A0C91BC942}") = "OrdenarInsercion", "OrdenarInsercion\OrdenarInsercion.vcxproj", "{7DBE6090-4D0B-4B68-A0F8-6099A857FBC8}"
EndProject
Global
	GlobalSection(SolutionConfigurationPlatforms) = preSolution
		Debug|Win32 = Debug|Win32
		Release|Win32 = Release|Win32
	EndGlobalSection
	GlobalSection(ProjectConfigurationPlatforms) = postSolution
		{7DBE6090-4D0B-4B68-A0F8-6099A857FBC8}.Debug|Win32.ActiveCfg = Debug|Win32
		{7DBE6090-4D0B-4B68-A0F8-6099A857FBC8}.Debug|Win32.Build.0 = Debug|Win32
		{7DBE6090-4D0B-4B68-A0F8-6099A857FBC8}.Release|Win32.ActiveCfg = Release|Win32
		{7DBE6090-4D0B-4B68-A0F8-6099A857FBC8}.Release|Win32.Build.0 = Release|Win32
	EndGlobalSection
	GlobalSection(SolutionProperties) = preSolution
		HideSolutionNode = FALSE
	EndGlobalSection
EndGlobal
